
Microsoft Visual Studio Solution File, Format Version 12.00
# Visual Studio Version 16
VisualStudioVersion = 16.0.31605.320
MinimumVisualStudioVersion = 10.0.40219.1
Project("{FAE04EC0-301F-11D3-BF4B-00C04F79EFBC}") = "FoxHelper", "FoxHelper\FoxHelper.csproj", "{983EBB87-8555-4844-999A-3330AD884930}"
EndProject
Global
	GlobalSection(SolutionConfigurationPlatforms) = preSolution
		Debug|Any CPU = Debug|Any CPU
		Release|Any CPU = Release|Any CPU
	EndGlobalSection
	GlobalSection(ProjectConfigurationPlatforms) = postSolution
		{983EBB87-8555-4844-999A-3330AD884930}.Debug|Any CPU.ActiveCfg = Debug|Any CPU
		{983EBB87-8555-4844-999A-3330AD884930}.Debug|Any CPU.Build.0 = Debug|Any CPU
		{983EBB87-8555-4844-999A-3330AD884930}.Release|Any CPU.ActiveCfg = Release|Any CPU
		{983EBB87-8555-4844-999A-3330AD884930}.Release|Any CPU.Build.0 = Release|Any CPU
	EndGlobalSection
	GlobalSection(SolutionProperties) = preSolution
		HideSolutionNode = FALSE
	EndGlobalSection
	GlobalSection(ExtensibilityGlobals) = postSolution
		SolutionGuid = {C809C046-0074-4FC3-A680-99C01547C3BC}
	EndGlobalSection
EndGlobal
